
Microsoft Visual Studio Solution File, Format Version 12.00
# Visual Studio Version 17
VisualStudioVersion = 17.1.32210.238
MinimumVisualStudioVersion = 10.0.40219.1
Project("{9A19103F-16F7-4668-BE54-9A1E7A4F7556}") = "RoverManagement", "RoverManagement\RoverManagement.csproj", "{DD9520D5-0F01-4E42-A2DC-CB535EBFDD19}"
EndProject
Project("{FAE04EC0-301F-11D3-BF4B-00C04F79EFBC}") = "RoverManagement.Entity", "RoverManagement.Entity\RoverManagement.Entity.csproj", "{5358C6FA-C34D-4DEC-BDB4-E0736A3263BF}"
EndProject
Project("{FAE04EC0-301F-11D3-BF4B-00C04F79EFBC}") = "RoverManagement.Test", "RoverManagement.Test\RoverManagement.Test.csproj", "{4ECABAC3-E457-4FC0-B84D-F1BFEBDDCA7D}"
EndProject
Global
	GlobalSection(SolutionConfigurationPlatforms) = preSolution
		Debug|Any CPU = Debug|Any CPU
		Release|Any CPU = Release|Any CPU
	EndGlobalSection
	GlobalSection(ProjectConfigurationPlatforms) = postSolution
		{DD9520D5-0F01-4E42-A2DC-CB535EBFDD19}.Debug|Any CPU.ActiveCfg = Debug|Any CPU
		{DD9520D5-0F01-4E42-A2DC-CB535EBFDD19}.Debug|Any CPU.Build.0 = Debug|Any CPU
		{DD9520D5-0F01-4E42-A2DC-CB535EBFDD19}.Release|Any CPU.ActiveCfg = Release|Any CPU
		{DD9520D5-0F01-4E42-A2DC-CB535EBFDD19}.Release|Any CPU.Build.0 = Release|Any CPU
		{5358C6FA-C34D-4DEC-BDB4-E0736A3263BF}.Debug|Any CPU.ActiveCfg = Debug|Any CPU
		{5358C6FA-C34D-4DEC-BDB4-E0736A3263BF}.Debug|Any CPU.Build.0 = Debug|Any CPU
		{5358C6FA-C34D-4DEC-BDB4-E0736A3263BF}.Release|Any CPU.ActiveCfg = Release|Any CPU
		{5358C6FA-C34D-4DEC-BDB4-E0736A3263BF}.Release|Any CPU.Build.0 = Release|Any CPU
		{4ECABAC3-E457-4FC0-B84D-F1BFEBDDCA7D}.Debug|Any CPU.ActiveCfg = Debug|Any CPU
		{4ECABAC3-E457-4FC0-B84D-F1BFEBDDCA7D}.Debug|Any CPU.Build.0 = Debug|Any CPU
		{4ECABAC3-E457-4FC0-B84D-F1BFEBDDCA7D}.Release|Any CPU.ActiveCfg = Release|Any CPU
		{4ECABAC3-E457-4FC0-B84D-F1BFEBDDCA7D}.Release|Any CPU.Build.0 = Release|Any CPU
	EndGlobalSection
	GlobalSection(SolutionProperties) = preSolution
		HideSolutionNode = FALSE
	EndGlobalSection
	GlobalSection(ExtensibilityGlobals) = postSolution
		SolutionGuid = {C1CC0939-ACC4-4232-AB3E-51E3ABB8A1EC}
	EndGlobalSection
EndGlobal
